
Microsoft Visual Studio Solution File, Format Version 12.00
# Visual Studio 15
VisualStudioVersion = 15.0.28010.2003
MinimumVisualStudioVersion = 10.0.40219.1
Project("{FAE04EC0-301F-11D3-BF4B-00C04F79EFBC}") = "ConsolePourTest", "ConsolePourTest\ConsolePourTest.csproj", "{99136DDB-4825-4CB9-8F95-ECDA13103529}"
EndProject
Project("{FAE04EC0-301F-11D3-BF4B-00C04F79EFBC}") = "ConsolePourTestTests", "ConsolePourTestTests\ConsolePourTestTests.csproj", "{01CE8BD9-B7D2-4050-9037-34F22E606954}"
EndProject
Global
	GlobalSection(SolutionConfigurationPlatforms) = preSolution
		Debug|Any CPU = Debug|Any CPU
		Release|Any CPU = Release|Any CPU
	EndGlobalSection
	GlobalSection(ProjectConfigurationPlatforms) = postSolution
		{99136DDB-4825-4CB9-8F95-ECDA13103529}.Debug|Any CPU.ActiveCfg = Debug|Any CPU
		{99136DDB-4825-4CB9-8F95-ECDA13103529}.Debug|Any CPU.Build.0 = Debug|Any CPU
		{99136DDB-4825-4CB9-8F95-ECDA13103529}.Release|Any CPU.ActiveCfg = Release|Any CPU
		{99136DDB-4825-4CB9-8F95-ECDA13103529}.Release|Any CPU.Build.0 = Release|Any CPU
		{01CE8BD9-B7D2-4050-9037-34F22E606954}.Debug|Any CPU.ActiveCfg = Debug|Any CPU
		{01CE8BD9-B7D2-4050-9037-34F22E606954}.Debug|Any CPU.Build.0 = Debug|Any CPU
		{01CE8BD9-B7D2-4050-9037-34F22E606954}.Release|Any CPU.ActiveCfg = Release|Any CPU
		{01CE8BD9-B7D2-4050-9037-34F22E606954}.Release|Any CPU.Build.0 = Release|Any CPU
	EndGlobalSection
	GlobalSection(SolutionProperties) = preSolution
		HideSolutionNode = FALSE
	EndGlobalSection
	GlobalSection(ExtensibilityGlobals) = postSolution
		SolutionGuid = {E8CAE9C9-8F53-4770-BAB8-D332E97FFC41}
	EndGlobalSection
EndGlobal
